
Microsoft Visual Studio Solution File, Format Version 12.00
Project("{FAE04EC0-301F-11D3-BF4B-00C04F79EFBC}") = "UnityApiAnalyzer", "UnityApiAnalyzer.csproj", "{51073709-3B18-4E26-899E-0B4F55AC8833}"
EndProject
Global
	GlobalSection(SolutionConfigurationPlatforms) = preSolution
		Debug|Any CPU = Debug|Any CPU
		Release|Any CPU = Release|Any CPU
	EndGlobalSection
	GlobalSection(ProjectConfigurationPlatforms) = postSolution
		{51073709-3B18-4E26-899E-0B4F55AC8833}.Debug|Any CPU.ActiveCfg = Debug|Any CPU
		{51073709-3B18-4E26-899E-0B4F55AC8833}.Debug|Any CPU.Build.0 = Debug|Any CPU
		{51073709-3B18-4E26-899E-0B4F55AC8833}.Release|Any CPU.ActiveCfg = Release|Any CPU
		{51073709-3B18-4E26-899E-0B4F55AC8833}.Release|Any CPU.Build.0 = Release|Any CPU
	EndGlobalSection
EndGlobal
